
Microsoft Visual Studio Solution File, Format Version 12.00
# Visual Studio Version 17
VisualStudioVersion = 17.11.35208.52
MinimumVisualStudioVersion = 10.0.40219.1
Project("{FAE04EC0-301F-11D3-BF4B-00C04F79EFBC}") = "Magazyn", "Magazyn.csproj", "{E1191FC7-76FB-4B9B-9E5E-880B4D08EF7A}"
EndProject
Global
	GlobalSection(SolutionConfigurationPlatforms) = preSolution
		Debug|Any CPU = Debug|Any CPU
		Release|Any CPU = Release|Any CPU
	EndGlobalSection
	GlobalSection(ProjectConfigurationPlatforms) = postSolution
		{E1191FC7-76FB-4B9B-9E5E-880B4D08EF7A}.Debug|Any CPU.ActiveCfg = Debug|Any CPU
		{E1191FC7-76FB-4B9B-9E5E-880B4D08EF7A}.Debug|Any CPU.Build.0 = Debug|Any CPU
		{E1191FC7-76FB-4B9B-9E5E-880B4D08EF7A}.Release|Any CPU.ActiveCfg = Release|Any CPU
		{E1191FC7-76FB-4B9B-9E5E-880B4D08EF7A}.Release|Any CPU.Build.0 = Release|Any CPU
	EndGlobalSection
	GlobalSection(SolutionProperties) = preSolution
		HideSolutionNode = FALSE
	EndGlobalSection
	GlobalSection(ExtensibilityGlobals) = postSolution
		SolutionGuid = {A0B39C5A-322D-4890-96E3-C743EADA524A}
	EndGlobalSection
EndGlobal
